<?xml version="1.0" encoding="utf-8"?>
<Project ToolsVersion="4.0" xmlns:atg="http://atg.xbox.com" xmlns="http://schemas.microsoft.com/developer/msbuild/2003">
  <ItemGroup>
    <Filter Include="Resource Files">
      <UniqueIdentifier>{8e114980-c1a3-4ada-ad7c-83caadf5daeb}</UniqueIdentifier>
      <Extensions>rc;ico;cur;bmp;dlg;rc2;rct;bin;rgs;gif;jpg;jpeg;jpe</Extensions>
    </Filter>
    <Filter Include="Shaders">
      <UniqueIdentifier>{2c3d4c8c-5d1a-459a-a05a-a4e4b608a44e}</UniqueIdentifier>
      <Extensions>fx;fxh;hlsl</Extensions>
    </Filter>
    <Filter Include="Resource Files\Textures">
      <UniqueIdentifier>{84a4d56f-682d-4b12-a7c9-064cc08bce09}</UniqueIdentifier>
    </Filter>
    <Filter Include="Headers">
      <UniqueIdentifier>{b820ccf2-2c75-431a-8f0d-31c553e91908}</UniqueIdentifier>
    </Filter>
    <Filter Include="Source">
      <UniqueIdentifier>{2bdd8a06-1ad8-4d3f-8bdd-d1692edc1e9b}</UniqueIdentifier>
    </Filter>
    <Filter Include="Headers\GameObjects">
      <UniqueIdentifier>{56e9af67-345f-453c-9b77-2638e76e5dd5}</UniqueIdentifier>
    </Filter>
    <Filter Include="Source\GameObjects">
      <UniqueIdentifier>{5ae9966b-2e60-4b42-b389-19b4fc4da395}</UniqueIdentifier>
    </Filter>
    <Filter Include="ImGUI">
      <UniqueIdentifier>{37b13bf0-e2fc-4e6b-b5b4-c7ddee909edf}</UniqueIdentifier>
    </Filter>
    <Filter Include="Headers\Particle System">
      <UniqueIdentifier>{bd1f4e3d-ec4e-4f6a-ac1e-b6df9658772f}</UniqueIdentifier>
    </Filter>
    <Filter Include="Source\Particle System">
      <UniqueIdentifier>{fc91e987-bdd7-4f4f-98a5-26d1b10f8a9c}</UniqueIdentifier>
    </Filter>
    <Filter Include="Headers\Utils">
      <UniqueIdentifier>{9326f99a-f4d5-4d09-a5ee-de5375efd7ab}</UniqueIdentifier>
    </Filter>
    <Filter Include="Source\Utils">
      <UniqueIdentifier>{5a60ff14-f85e-4130-8dc8-9c096a3fb80c}</UniqueIdentifier>
    </Filter>
    <Filter Include="Headers\ForceGenerators">
      <UniqueIdentifier>{1478cfed-1476-47d7-bf69-0cac2321612c}</UniqueIdentifier>
    </Filter>
    <Filter Include="Source\ForceGenerators">
      <UniqueIdentifier>{772cd316-9e1e-488d-b0cd-ecd7ccd7f105}</UniqueIdentifier>
    </Filter>
  </ItemGroup>
  <ItemGroup>
    <CLInclude Include="Source\resource.h">
      <Filter>Resource Files</Filter>
    </CLInclude>
    <ClInclude Include="Source\Camera.h">
      <Filter>Headers</Filter>
    </ClInclude>
    <ClInclude Include="Source\GameObject.h">
      <Filter>Headers\GameObjects</Filter>
    </ClInclude>
    <ClInclude Include="Source\Transform.h">
      <Filter>Headers\GameObjects</Filter>
    </ClInclude>
    <ClInclude Include="Source\Appearance.h">
      <Filter>Headers\GameObjects</Filter>
    </ClInclude>
    <ClInclude Include="Source\rbGameObject.h">
      <Filter>Headers\GameObjects</Filter>
    </ClInclude>
    <ClInclude Include="Source\pmGameObject.h">
      <Filter>Headers\GameObjects</Filter>
    </ClInclude>
    <ClInclude Include="Source\ParticleModel.h">
      <Filter>Headers\GameObjects</Filter>
    </ClInclude>
    <ClInclude Include="Source\RigidBody.h">
      <Filter>Headers\GameObjects</Filter>
    </ClInclude>
    <ClInclude Include="Source\Application.h">
      <Filter>Headers</Filter>
    </ClInclude>
    <ClInclude Include="Source\ImGUI\imstb_truetype.h">
      <Filter>ImGUI</Filter>
    </ClInclude>
    <ClInclude Include="Source\ImGUI\imconfig.h">
      <Filter>ImGUI</Filter>
    </ClInclude>
    <ClInclude Include="Source\ImGUI\imgui.h">
      <Filter>ImGUI</Filter>
    </ClInclude>
    <ClInclude Include="Source\ImGUI\imgui_impl_dx11.h">
      <Filter>ImGUI</Filter>
    </ClInclude>
    <ClInclude Include="Source\ImGUI\imgui_impl_win32.h">
      <Filter>ImGUI</Filter>
    </ClInclude>
    <ClInclude Include="Source\ImGUI\imgui_internal.h">
      <Filter>ImGUI</Filter>
    </ClInclude>
    <ClInclude Include="Source\ImGUI\imstb_rectpack.h">
      <Filter>ImGUI</Filter>
    </ClInclude>
    <ClInclude Include="Source\ImGUI\imstb_textedit.h">
      <Filter>ImGUI</Filter>
    </ClInclude>
    <ClInclude Include="Source\ParticleSystem.h">
      <Filter>Headers\Particle System</Filter>
    </ClInclude>
    <ClInclude Include="Source\Particle.h">
      <Filter>Headers\Particle System</Filter>
    </ClInclude>
    <ClInclude Include="Source\DebugDraw.h">
      <Filter>Headers\Utils</Filter>
    </ClInclude>
    <ClInclude Include="Source\Commons.h">
      <Filter>Headers\Utils</Filter>
    </ClInclude>
    <ClInclude Include="Source\DragGenerator.h">
      <Filter>Headers\ForceGenerators</Filter>
    </ClInclude>
    <ClInclude Include="Source\ForceGenerator.h">
      <Filter>Headers\ForceGenerators</Filter>
    </ClInclude>
    <ClInclude Include="Source\ForceRegistry.h">
      <Filter>Headers\ForceGenerators</Filter>
    </ClInclude>
    <ClInclude Include="Source\GravityGenerator.h">
      <Filter>Headers\ForceGenerators</Filter>
    </ClInclude>
    <ClInclude Include="Source\CollisionResponse.h">
      <Filter>Headers\Utils</Filter>
    </ClInclude>
    <ClInclude Include="Source\BuoyancyGenerator.h">
      <Filter>Headers\ForceGenerators</Filter>
    </ClInclude>
    <ClInclude Include="Source\Quaternion.h">
      <Filter>Headers\Utils</Filter>
    </ClInclude>
  </ItemGroup>
  <ItemGroup>
    <ClCompile Include="Main.cpp" />
    <ClCompile Include="Source\Camera.cpp">
      <Filter>Source</Filter>
    </ClCompile>
    <ClCompile Include="Source\GameObject.cpp">
      <Filter>Source\GameObjects</Filter>
    </ClCompile>
    <ClCompile Include="Source\Transform.cpp">
      <Filter>Source\GameObjects</Filter>
    </ClCompile>
    <ClCompile Include="Source\Appearance.cpp">
      <Filter>Source\GameObjects</Filter>
    </ClCompile>
    <ClCompile Include="Source\rbGameObject.cpp">
      <Filter>Source\GameObjects</Filter>
    </ClCompile>
    <ClCompile Include="Source\pmGameObject.cpp">
      <Filter>Source\GameObjects</Filter>
    </ClCompile>
    <ClCompile Include="Source\ParticleModel.cpp">
      <Filter>Source\GameObjects</Filter>
    </ClCompile>
    <ClCompile Include="Source\RigidBody.cpp">
      <Filter>Source\GameObjects</Filter>
    </ClCompile>
    <ClCompile Include="Source\Application.cpp">
      <Filter>Source</Filter>
    </ClCompile>
    <ClCompile Include="Source\ImGUI\imgui.cpp">
      <Filter>ImGUI</Filter>
    </ClCompile>
    <ClCompile Include="Source\ImGUI\imgui_draw.cpp">
      <Filter>ImGUI</Filter>
    </ClCompile>
    <ClCompile Include="Source\ImGUI\imgui_impl_dx11.cpp">
      <Filter>ImGUI</Filter>
    </ClCompile>
    <ClCompile Include="Source\ImGUI\imgui_impl_win32.cpp">
      <Filter>ImGUI</Filter>
    </ClCompile>
    <ClCompile Include="Source\ImGUI\imgui_widgets.cpp">
      <Filter>ImGUI</Filter>
    </ClCompile>
    <ClCompile Include="Source\ParticleSystem.cpp">
      <Filter>Source\Particle System</Filter>
    </ClCompile>
    <ClCompile Include="Source\Particle.cpp">
      <Filter>Source\Particle System</Filter>
    </ClCompile>
    <ClCompile Include="Source\DebugDraw.cpp">
      <Filter>Source\Utils</Filter>
    </ClCompile>
    <ClCompile Include="Source\DragGenerator.cpp">
      <Filter>Source\ForceGenerators</Filter>
    </ClCompile>
    <ClCompile Include="Source\ForceRegistry.cpp">
      <Filter>Source\ForceGenerators</Filter>
    </ClCompile>
    <ClCompile Include="Source\GravityGenerator.cpp">
      <Filter>Source\ForceGenerators</Filter>
    </ClCompile>
    <ClCompile Include="Source\CollisionResponse.cpp">
      <Filter>Source\Utils</Filter>
    </ClCompile>
    <ClCompile Include="Source\BuoyancyGenerator.cpp">
      <Filter>Source\ForceGenerators</Filter>
    </ClCompile>
  </ItemGroup>
  <ItemGroup>
    <FxCompile Include="DX11 Framework.fx">
      <Filter>Shaders</Filter>
    </FxCompile>
  </ItemGroup>
  <ItemGroup>
    <Image Include="Resources\floor.dds">
      <Filter>Resource Files\Textures</Filter>
    </Image>
    <Image Include="Resources\stone.dds">
      <Filter>Resource Files\Textures</Filter>
    </Image>
  </ItemGroup>
  <ItemGroup>
    <ResourceCompile Include="Source\DX11 Framework.rc">
      <Filter>Resource Files</Filter>
    </ResourceCompile>
  </ItemGroup>
</Project>