<?xml version="1.0" encoding="utf-8"?>
<Project ToolsVersion="4.0" xmlns:atg="http://atg.xbox.com" xmlns="http://schemas.microsoft.com/developer/msbuild/2003">
  <ItemGroup>
    <Filter Include="Resource Files">
      <UniqueIdentifier>{8e114980-c1a3-4ada-ad7c-83caadf5daeb}</UniqueIdentifier>
      <Extensions>rc;ico;cur;bmp;dlg;rc2;rct;bin;rgs;gif;jpg;jpeg;jpe</Extensions>
    </Filter>
    <Filter Include="Shaders">
      <UniqueIdentifier>{2c3d4c8c-5d1a-459a-a05a-a4e4b608a44e}</UniqueIdentifier>
      <Extensions>fx;fxh;hlsl</Extensions>
    </Filter>
    <Filter Include="Resource Files\Textures">
      <UniqueIdentifier>{84a4d56f-682d-4b12-a7c9-064cc08bce09}</UniqueIdentifier>
    </Filter>
    <Filter Include="Headers">
      <UniqueIdentifier>{b820ccf2-2c75-431a-8f0d-31c553e91908}</UniqueIdentifier>
    </Filter>
    <Filter Include="Source">
      <UniqueIdentifier>{2bdd8a06-1ad8-4d3f-8bdd-d1692edc1e9b}</UniqueIdentifier>
    </Filter>
    <Filter Include="Headers\GameObjects">
      <UniqueIdentifier>{56e9af67-345f-453c-9b77-2638e76e5dd5}</UniqueIdentifier>
    </Filter>
    <Filter Include="Source\GameObjects">
      <UniqueIdentifier>{5ae9966b-2e60-4b42-b389-19b4fc4da395}</UniqueIdentifier>
    </Filter>
  </ItemGroup>
  <ItemGroup>
    <CLInclude Include="Source\resource.h">
      <Filter>Resource Files</Filter>
    </CLInclude>
    <ClInclude Include="Source\Camera.h">
      <Filter>Headers</Filter>
    </ClInclude>
    <ClInclude Include="Source\GameObject.h">
      <Filter>Headers\GameObjects</Filter>
    </ClInclude>
    <ClInclude Include="Source\Transform.h">
      <Filter>Headers\GameObjects</Filter>
    </ClInclude>
    <ClInclude Include="Source\Application.h" />
    <ClInclude Include="Source\Appearance.h">
      <Filter>Headers\GameObjects</Filter>
    </ClInclude>
    <ClInclude Include="Source\rbGameObject.h">
      <Filter>Headers\GameObjects</Filter>
    </ClInclude>
    <ClInclude Include="Source\pmGameObject.h">
      <Filter>Headers\GameObjects</Filter>
    </ClInclude>
    <ClInclude Include="Source\ParticleModel.h">
      <Filter>Headers\GameObjects</Filter>
    </ClInclude>
  </ItemGroup>
  <ItemGroup>
    <ClCompile Include="Main.cpp" />
    <ClCompile Include="Source\Application.cpp" />
    <ClCompile Include="Source\Camera.cpp">
      <Filter>Source</Filter>
    </ClCompile>
    <ClCompile Include="Source\GameObject.cpp">
      <Filter>Source\GameObjects</Filter>
    </ClCompile>
    <ClCompile Include="Source\Transform.cpp">
      <Filter>Source\GameObjects</Filter>
    </ClCompile>
    <ClCompile Include="Source\Appearance.cpp">
      <Filter>Source\GameObjects</Filter>
    </ClCompile>
    <ClCompile Include="Source\rbGameObject.cpp">
      <Filter>Source\GameObjects</Filter>
    </ClCompile>
    <ClCompile Include="Source\pmGameObject.cpp">
      <Filter>Source\GameObjects</Filter>
    </ClCompile>
    <ClCompile Include="Source\ParticleModel.cpp">
      <Filter>Source\GameObjects</Filter>
    </ClCompile>
  </ItemGroup>
  <ItemGroup>
    <FxCompile Include="DX11 Framework.fx">
      <Filter>Shaders</Filter>
    </FxCompile>
  </ItemGroup>
  <ItemGroup>
    <Image Include="Resources\floor.dds">
      <Filter>Resource Files\Textures</Filter>
    </Image>
    <Image Include="Resources\stone.dds">
      <Filter>Resource Files\Textures</Filter>
    </Image>
  </ItemGroup>
  <ItemGroup>
    <ResourceCompile Include="Source\DX11 Framework.rc">
      <Filter>Resource Files</Filter>
    </ResourceCompile>
  </ItemGroup>
</Project>